
Microsoft Visual Studio Solution File, Format Version 12.00
# Visual Studio Version 17
VisualStudioVersion = 17.7.34003.232
MinimumVisualStudioVersion = 10.0.40219.1
Project("{FAE04EC0-301F-11D3-BF4B-00C04F79EFBC}") = "Interfaces_Null_Asher", "Interfaces_Null_Asher.csproj", "{17601EFB-2F8B-4A98-A63B-D3361B5D41A6}"
EndProject
Global
	GlobalSection(SolutionConfigurationPlatforms) = preSolution
		Debug|Any CPU = Debug|Any CPU
		Release|Any CPU = Release|Any CPU
	EndGlobalSection
	GlobalSection(ProjectConfigurationPlatforms) = postSolution
		{17601EFB-2F8B-4A98-A63B-D3361B5D41A6}.Debug|Any CPU.ActiveCfg = Debug|Any CPU
		{17601EFB-2F8B-4A98-A63B-D3361B5D41A6}.Debug|Any CPU.Build.0 = Debug|Any CPU
		{17601EFB-2F8B-4A98-A63B-D3361B5D41A6}.Release|Any CPU.ActiveCfg = Release|Any CPU
		{17601EFB-2F8B-4A98-A63B-D3361B5D41A6}.Release|Any CPU.Build.0 = Release|Any CPU
	EndGlobalSection
	GlobalSection(SolutionProperties) = preSolution
		HideSolutionNode = FALSE
	EndGlobalSection
	GlobalSection(ExtensibilityGlobals) = postSolution
		SolutionGuid = {9CF6553F-82FE-45E8-9DDF-DCCDD261AAEB}
	EndGlobalSection
EndGlobal
